hash: db21c69a49e8655d3c17d41291ca918c7a3243aaafeb904478a9f8fbbf5a63a9
updated: 2016-03-27T02:34:23.066943477+01:00
imports:
- name: github.com/mattn/go-runewidth
  version: d6bea18f789704b5f83375793155289da36a3c7f
- name: github.com/olekukonko/tablewriter
  version: cca8bbc0798408af109aaaa239cbd2634846b340
devImports: []
